
Microsoft Visual Studio Solution File, Format Version 12.00
# Visual Studio Version 16
VisualStudioVersion = 16.0.30717.126
MinimumVisualStudioVersion = 10.0.40219.1
Project("{FAE04EC0-301F-11D3-BF4B-00C04F79EFBC}") = "Palindromish", "Palindromish\Palindromish.csproj", "{FADC92DA-8125-4F51-8415-E024364C0275}"
EndProject
Project("{FAE04EC0-301F-11D3-BF4B-00C04F79EFBC}") = "Palindromish-Tests", "Palindromish-Tests\Palindromish-Tests.csproj", "{3538B5C4-678B-4EB3-9406-8F19CC3E8D41}"
EndProject
Global
	GlobalSection(SolutionConfigurationPlatforms) = preSolution
		Debug|Any CPU = Debug|Any CPU
		Release|Any CPU = Release|Any CPU
	EndGlobalSection
	GlobalSection(ProjectConfigurationPlatforms) = postSolution
		{FADC92DA-8125-4F51-8415-E024364C0275}.Debug|Any CPU.ActiveCfg = Debug|Any CPU
		{FADC92DA-8125-4F51-8415-E024364C0275}.Debug|Any CPU.Build.0 = Debug|Any CPU
		{FADC92DA-8125-4F51-8415-E024364C0275}.Release|Any CPU.ActiveCfg = Release|Any CPU
		{FADC92DA-8125-4F51-8415-E024364C0275}.Release|Any CPU.Build.0 = Release|Any CPU
		{3538B5C4-678B-4EB3-9406-8F19CC3E8D41}.Debug|Any CPU.ActiveCfg = Debug|Any CPU
		{3538B5C4-678B-4EB3-9406-8F19CC3E8D41}.Debug|Any CPU.Build.0 = Debug|Any CPU
		{3538B5C4-678B-4EB3-9406-8F19CC3E8D41}.Release|Any CPU.ActiveCfg = Release|Any CPU
		{3538B5C4-678B-4EB3-9406-8F19CC3E8D41}.Release|Any CPU.Build.0 = Release|Any CPU
	EndGlobalSection
	GlobalSection(SolutionProperties) = preSolution
		HideSolutionNode = FALSE
	EndGlobalSection
	GlobalSection(ExtensibilityGlobals) = postSolution
		SolutionGuid = {9A2F9A1C-59EB-48F9-AB58-257459F31D74}
	EndGlobalSection
EndGlobal
