
Microsoft Visual Studio Solution File, Format Version 12.00
# Visual Studio Version 16
VisualStudioVersion = 16.0.30717.126
MinimumVisualStudioVersion = 10.0.40219.1
Project("{FAE04EC0-301F-11D3-BF4B-00C04F79EFBC}") = "BinarySearch", "BinarySearch\BinarySearch.csproj", "{12722856-EF3C-46AB-9B43-562049392B91}"
EndProject
Project("{FAE04EC0-301F-11D3-BF4B-00C04F79EFBC}") = "BinarySearch.Test", "BinarySearch.Test\BinarySearch.Test.csproj", "{A392DAA6-C073-4DF8-9DF2-EC10E496DB6D}"
EndProject
Global
	GlobalSection(SolutionConfigurationPlatforms) = preSolution
		Debug|Any CPU = Debug|Any CPU
		Release|Any CPU = Release|Any CPU
	EndGlobalSection
	GlobalSection(ProjectConfigurationPlatforms) = postSolution
		{12722856-EF3C-46AB-9B43-562049392B91}.Debug|Any CPU.ActiveCfg = Debug|Any CPU
		{12722856-EF3C-46AB-9B43-562049392B91}.Debug|Any CPU.Build.0 = Debug|Any CPU
		{12722856-EF3C-46AB-9B43-562049392B91}.Release|Any CPU.ActiveCfg = Release|Any CPU
		{12722856-EF3C-46AB-9B43-562049392B91}.Release|Any CPU.Build.0 = Release|Any CPU
		{A392DAA6-C073-4DF8-9DF2-EC10E496DB6D}.Debug|Any CPU.ActiveCfg = Debug|Any CPU
		{A392DAA6-C073-4DF8-9DF2-EC10E496DB6D}.Debug|Any CPU.Build.0 = Debug|Any CPU
		{A392DAA6-C073-4DF8-9DF2-EC10E496DB6D}.Release|Any CPU.ActiveCfg = Release|Any CPU
		{A392DAA6-C073-4DF8-9DF2-EC10E496DB6D}.Release|Any CPU.Build.0 = Release|Any CPU
	EndGlobalSection
	GlobalSection(SolutionProperties) = preSolution
		HideSolutionNode = FALSE
	EndGlobalSection
	GlobalSection(ExtensibilityGlobals) = postSolution
		SolutionGuid = {0707CE5F-2DE6-40B3-9EF6-B56823FF09EF}
	EndGlobalSection
EndGlobal
