
Microsoft Visual Studio Solution File, Format Version 12.00
# Visual Studio Version 16
VisualStudioVersion = 16.0.30717.126
MinimumVisualStudioVersion = 10.0.40219.1
Project("{FAE04EC0-301F-11D3-BF4B-00C04F79EFBC}") = "PICAD", "PICAD\PICAD.csproj", "{FFA33357-E8A1-47A6-9874-DC0ED176CAB9}"
EndProject
Project("{FAE04EC0-301F-11D3-BF4B-00C04F79EFBC}") = "PICAD.Test", "PICAD.Test\PICAD.Test.csproj", "{49434731-DA1A-4AC0-9CFD-489A1E5F1AE5}"
EndProject
Global
	GlobalSection(SolutionConfigurationPlatforms) = preSolution
		Debug|Any CPU = Debug|Any CPU
		Release|Any CPU = Release|Any CPU
	EndGlobalSection
	GlobalSection(ProjectConfigurationPlatforms) = postSolution
		{FFA33357-E8A1-47A6-9874-DC0ED176CAB9}.Debug|Any CPU.ActiveCfg = Debug|Any CPU
		{FFA33357-E8A1-47A6-9874-DC0ED176CAB9}.Debug|Any CPU.Build.0 = Debug|Any CPU
		{FFA33357-E8A1-47A6-9874-DC0ED176CAB9}.Release|Any CPU.ActiveCfg = Release|Any CPU
		{FFA33357-E8A1-47A6-9874-DC0ED176CAB9}.Release|Any CPU.Build.0 = Release|Any CPU
		{49434731-DA1A-4AC0-9CFD-489A1E5F1AE5}.Debug|Any CPU.ActiveCfg = Debug|Any CPU
		{49434731-DA1A-4AC0-9CFD-489A1E5F1AE5}.Debug|Any CPU.Build.0 = Debug|Any CPU
		{49434731-DA1A-4AC0-9CFD-489A1E5F1AE5}.Release|Any CPU.ActiveCfg = Release|Any CPU
		{49434731-DA1A-4AC0-9CFD-489A1E5F1AE5}.Release|Any CPU.Build.0 = Release|Any CPU
	EndGlobalSection
	GlobalSection(SolutionProperties) = preSolution
		HideSolutionNode = FALSE
	EndGlobalSection
	GlobalSection(ExtensibilityGlobals) = postSolution
		SolutionGuid = {ED868C4A-B102-499B-8CBB-85288E5382C8}
	EndGlobalSection
EndGlobal
