
Microsoft Visual Studio Solution File, Format Version 12.00
# Visual Studio Version 16
VisualStudioVersion = 16.0.30717.126
MinimumVisualStudioVersion = 10.0.40219.1
Project("{FAE04EC0-301F-11D3-BF4B-00C04F79EFBC}") = "DataMunging", "DataMunging\DataMunging.csproj", "{827DCBEE-632E-4C8C-AF0F-2760940EF98D}"
EndProject
Global
	GlobalSection(SolutionConfigurationPlatforms) = preSolution
		Debug|Any CPU = Debug|Any CPU
		Release|Any CPU = Release|Any CPU
	EndGlobalSection
	GlobalSection(ProjectConfigurationPlatforms) = postSolution
		{827DCBEE-632E-4C8C-AF0F-2760940EF98D}.Debug|Any CPU.ActiveCfg = Debug|Any CPU
		{827DCBEE-632E-4C8C-AF0F-2760940EF98D}.Debug|Any CPU.Build.0 = Debug|Any CPU
		{827DCBEE-632E-4C8C-AF0F-2760940EF98D}.Release|Any CPU.ActiveCfg = Release|Any CPU
		{827DCBEE-632E-4C8C-AF0F-2760940EF98D}.Release|Any CPU.Build.0 = Release|Any CPU
	EndGlobalSection
	GlobalSection(SolutionProperties) = preSolution
		HideSolutionNode = FALSE
	EndGlobalSection
	GlobalSection(ExtensibilityGlobals) = postSolution
		SolutionGuid = {7544DA0A-D88E-4D3D-B01C-A8781545F810}
	EndGlobalSection
EndGlobal
