
Microsoft Visual Studio Solution File, Format Version 12.00
# Visual Studio Version 16
VisualStudioVersion = 16.0.30717.126
MinimumVisualStudioVersion = 10.0.40219.1
Project("{FAE04EC0-301F-11D3-BF4B-00C04F79EFBC}") = "KWIC Index", "KWIC Index\KWIC Index.csproj", "{E7A9D251-9733-4046-9D17-0E6A35FAA244}"
EndProject
Project("{FAE04EC0-301F-11D3-BF4B-00C04F79EFBC}") = "KWIC_Index.Tests", "KWIC_Index.Tests\KWIC_Index.Tests.csproj", "{1C25951C-8A6F-49A2-93AC-235770CB8344}"
EndProject
Global
	GlobalSection(SolutionConfigurationPlatforms) = preSolution
		Debug|Any CPU = Debug|Any CPU
		Release|Any CPU = Release|Any CPU
	EndGlobalSection
	GlobalSection(ProjectConfigurationPlatforms) = postSolution
		{E7A9D251-9733-4046-9D17-0E6A35FAA244}.Debug|Any CPU.ActiveCfg = Debug|Any CPU
		{E7A9D251-9733-4046-9D17-0E6A35FAA244}.Debug|Any CPU.Build.0 = Debug|Any CPU
		{E7A9D251-9733-4046-9D17-0E6A35FAA244}.Release|Any CPU.ActiveCfg = Release|Any CPU
		{E7A9D251-9733-4046-9D17-0E6A35FAA244}.Release|Any CPU.Build.0 = Release|Any CPU
		{1C25951C-8A6F-49A2-93AC-235770CB8344}.Debug|Any CPU.ActiveCfg = Debug|Any CPU
		{1C25951C-8A6F-49A2-93AC-235770CB8344}.Debug|Any CPU.Build.0 = Debug|Any CPU
		{1C25951C-8A6F-49A2-93AC-235770CB8344}.Release|Any CPU.ActiveCfg = Release|Any CPU
		{1C25951C-8A6F-49A2-93AC-235770CB8344}.Release|Any CPU.Build.0 = Release|Any CPU
	EndGlobalSection
	GlobalSection(SolutionProperties) = preSolution
		HideSolutionNode = FALSE
	EndGlobalSection
	GlobalSection(ExtensibilityGlobals) = postSolution
		SolutionGuid = {D9963214-06D8-49F2-9479-878036ECB85F}
	EndGlobalSection
EndGlobal
