
Microsoft Visual Studio Solution File, Format Version 12.00
# Visual Studio Version 16
VisualStudioVersion = 16.0.28917.182
MinimumVisualStudioVersion = 10.0.40219.1
Project("{FAE04EC0-301F-11D3-BF4B-00C04F79EFBC}") = "ResistorValidator", "ResistorValidator.csproj", "{0C17E991-2199-47F4-8E04-0F379E3582EF}"
EndProject
Global
	GlobalSection(SolutionConfigurationPlatforms) = preSolution
		Debug|Any CPU = Debug|Any CPU
		Release|Any CPU = Release|Any CPU
	EndGlobalSection
	GlobalSection(ProjectConfigurationPlatforms) = postSolution
		{0C17E991-2199-47F4-8E04-0F379E3582EF}.Debug|Any CPU.ActiveCfg = Debug|Any CPU
		{0C17E991-2199-47F4-8E04-0F379E3582EF}.Debug|Any CPU.Build.0 = Debug|Any CPU
		{0C17E991-2199-47F4-8E04-0F379E3582EF}.Release|Any CPU.ActiveCfg = Release|Any CPU
		{0C17E991-2199-47F4-8E04-0F379E3582EF}.Release|Any CPU.Build.0 = Release|Any CPU
	EndGlobalSection
	GlobalSection(SolutionProperties) = preSolution
		HideSolutionNode = FALSE
	EndGlobalSection
	GlobalSection(ExtensibilityGlobals) = postSolution
		SolutionGuid = {5D23A75E-34A7-43F8-8B35-725F265BFF4E}
	EndGlobalSection
EndGlobal
