
Microsoft Visual Studio Solution File, Format Version 12.00
# Visual Studio Version 16
VisualStudioVersion = 16.0.29324.140
MinimumVisualStudioVersion = 10.0.40219.1
Project("{FAE04EC0-301F-11D3-BF4B-00C04F79EFBC}") = "Middle", "Middle\Middle.csproj", "{9EE2049F-AB3F-4F75-B3E6-D3DE14407972}"
EndProject
Global
	GlobalSection(SolutionConfigurationPlatforms) = preSolution
		Debug|Any CPU = Debug|Any CPU
		Release|Any CPU = Release|Any CPU
	EndGlobalSection
	GlobalSection(ProjectConfigurationPlatforms) = postSolution
		{9EE2049F-AB3F-4F75-B3E6-D3DE14407972}.Debug|Any CPU.ActiveCfg = Debug|Any CPU
		{9EE2049F-AB3F-4F75-B3E6-D3DE14407972}.Debug|Any CPU.Build.0 = Debug|Any CPU
		{9EE2049F-AB3F-4F75-B3E6-D3DE14407972}.Release|Any CPU.ActiveCfg = Release|Any CPU
		{9EE2049F-AB3F-4F75-B3E6-D3DE14407972}.Release|Any CPU.Build.0 = Release|Any CPU
	EndGlobalSection
	GlobalSection(SolutionProperties) = preSolution
		HideSolutionNode = FALSE
	EndGlobalSection
	GlobalSection(ExtensibilityGlobals) = postSolution
		SolutionGuid = {61083A7F-F5B8-4373-9E58-38CED968B6A2}
	EndGlobalSection
EndGlobal
