
Microsoft Visual Studio Solution File, Format Version 12.00
# Visual Studio 15
VisualStudioVersion = 15.0.28307.136
MinimumVisualStudioVersion = 10.0.40219.1
Project("{FAE04EC0-301F-11D3-BF4B-00C04F79EFBC}") = "SingleSourceAllPairs", "SingleSourceAllPairs\SingleSourceAllPairs.csproj", "{B7AAA7CF-F008-49CC-921B-ADDB619D3635}"
EndProject
Project("{FAE04EC0-301F-11D3-BF4B-00C04F79EFBC}") = "SingleSourceAllPairs.Test", "SingleSourceAllPairs.Test\SingleSourceAllPairs.Test.csproj", "{1BE2FFB7-865F-47CF-9C1D-58D82AE064C1}"
EndProject
Global
	GlobalSection(SolutionConfigurationPlatforms) = preSolution
		Debug|Any CPU = Debug|Any CPU
		Release|Any CPU = Release|Any CPU
	EndGlobalSection
	GlobalSection(ProjectConfigurationPlatforms) = postSolution
		{B7AAA7CF-F008-49CC-921B-ADDB619D3635}.Debug|Any CPU.ActiveCfg = Debug|Any CPU
		{B7AAA7CF-F008-49CC-921B-ADDB619D3635}.Debug|Any CPU.Build.0 = Debug|Any CPU
		{B7AAA7CF-F008-49CC-921B-ADDB619D3635}.Release|Any CPU.ActiveCfg = Release|Any CPU
		{B7AAA7CF-F008-49CC-921B-ADDB619D3635}.Release|Any CPU.Build.0 = Release|Any CPU
		{1BE2FFB7-865F-47CF-9C1D-58D82AE064C1}.Debug|Any CPU.ActiveCfg = Debug|Any CPU
		{1BE2FFB7-865F-47CF-9C1D-58D82AE064C1}.Debug|Any CPU.Build.0 = Debug|Any CPU
		{1BE2FFB7-865F-47CF-9C1D-58D82AE064C1}.Release|Any CPU.ActiveCfg = Release|Any CPU
		{1BE2FFB7-865F-47CF-9C1D-58D82AE064C1}.Release|Any CPU.Build.0 = Release|Any CPU
	EndGlobalSection
	GlobalSection(SolutionProperties) = preSolution
		HideSolutionNode = FALSE
	EndGlobalSection
	GlobalSection(ExtensibilityGlobals) = postSolution
		SolutionGuid = {3FBC41C9-7629-4767-BF57-BF5EF48307A0}
	EndGlobalSection
EndGlobal
